{
  "originHash" : "b423f0a961e25765bd135256dbcfdcf51656b7f8bc75664bd313afd476394b6a",
  "pins" : [
    {
      "identity" : "appmetrica-sdk-ios",
      "kind" : "remoteSourceControl",
      "location" : "https://github.com/appmetrica/appmetrica-sdk-ios",
      "state" : {
        "revision" : "a303a87183464d0143e3cc2eaf09cf98a3b7d8e0",
        "version" : "5.7.0"
      }
    },
    {
      "identity" : "kscrash",
      "kind" : "remoteSourceControl",
      "location" : "https://github.com/kstenerud/KSCrash",
      "state" : {
        "revision" : "a6504bb7d9b76731accc141aa9ed1c8dd5063b1b",
        "version" : "1.17.5"
      }
    },
    {
      "identity" : "push-sdk-ios",
      "kind" : "remoteSourceControl",
      "location" : "https://github.com/appmetrica/push-sdk-ios",
      "state" : {
        "revision" : "508724be021df2300a853e94991ccab475caea82",
        "version" : "2.0.0"
      }
    }
  ],
  "version" : 3
}
